
Microsoft Visual Studio Solution File, Format Version 12.00
# Visual Studio Version 17
VisualStudioVersion = 17.2.32526.322
MinimumVisualStudioVersion = 10.0.40219.1
Project("{FAE04EC0-301F-11D3-BF4B-00C04F79EFBC}") = "PeopleManagerApp.Api", "PeopleManagerApp.Api\PeopleManagerApp.Api.csproj", "{89EADBA7-0352-46F0-B108-31A9FA1EB157}"
EndProject
Global
	GlobalSection(SolutionConfigurationPlatforms) = preSolution
		Debug|Any CPU = Debug|Any CPU
		Release|Any CPU = Release|Any CPU
	EndGlobalSection
	GlobalSection(ProjectConfigurationPlatforms) = postSolution
		{89EADBA7-0352-46F0-B108-31A9FA1EB157}.Debug|Any CPU.ActiveCfg = Debug|Any CPU
		{89EADBA7-0352-46F0-B108-31A9FA1EB157}.Debug|Any CPU.Build.0 = Debug|Any CPU
		{89EADBA7-0352-46F0-B108-31A9FA1EB157}.Release|Any CPU.ActiveCfg = Release|Any CPU
		{89EADBA7-0352-46F0-B108-31A9FA1EB157}.Release|Any CPU.Build.0 = Release|Any CPU
	EndGlobalSection
	GlobalSection(SolutionProperties) = preSolution
		HideSolutionNode = FALSE
	EndGlobalSection
	GlobalSection(ExtensibilityGlobals) = postSolution
		SolutionGuid = {FEDD47FC-5FBB-4FFA-8BCB-16C329461C15}
	EndGlobalSection
EndGlobal
